
Microsoft Visual Studio Solution File, Format Version 12.00
# Visual Studio Version 16
VisualStudioVersion = 16.0.36422.26
MinimumVisualStudioVersion = 10.0.40219.1
Project("{FAE04EC0-301F-11D3-BF4B-00C04F79EFBC}") = "KTCK", "KTCK\KTCK.csproj", "{C350A9F2-01D6-446D-AD50-5C207E3EAF19}"
EndProject
Global
	GlobalSection(SolutionConfigurationPlatforms) = preSolution
		Debug|Any CPU = Debug|Any CPU
		Release|Any CPU = Release|Any CPU
	EndGlobalSection
	GlobalSection(ProjectConfigurationPlatforms) = postSolution
		{C350A9F2-01D6-446D-AD50-5C207E3EAF19}.Debug|Any CPU.ActiveCfg = Debug|Any CPU
		{C350A9F2-01D6-446D-AD50-5C207E3EAF19}.Debug|Any CPU.Build.0 = Debug|Any CPU
		{C350A9F2-01D6-446D-AD50-5C207E3EAF19}.Release|Any CPU.ActiveCfg = Release|Any CPU
		{C350A9F2-01D6-446D-AD50-5C207E3EAF19}.Release|Any CPU.Build.0 = Release|Any CPU
	EndGlobalSection
	GlobalSection(SolutionProperties) = preSolution
		HideSolutionNode = FALSE
	EndGlobalSection
	GlobalSection(ExtensibilityGlobals) = postSolution
		SolutionGuid = {3025A470-9BE8-463B-95CD-A21267872938}
	EndGlobalSection
EndGlobal
